// !$*UTF8*$!
{
	archiveVersion = 1;
	classes = {
	};
	objectVersion = 46;
	objects = {

/* Begin PBXBuildFile section */
		D097E2401C80CC4D004CF25C /* AppDelegate.swift in Sources */ = {isa = PBXBuildFile; fileRef = D097E23F1C80CC4D004CF25C /* AppDelegate.swift */; };
		D097E2421C80CC4D004CF25C /* ViewController.swift in Sources */ = {isa = PBXBuildFile; fileRef = D097E2411C80CC4D004CF25C /* ViewController.swift */; };
		D097E2451C80CC4D004CF25C /* Main.storyboard in Resources */ = {isa = PBXBuildFile; fileRef = D097E2431C80CC4D004CF25C /* Main.storyboard */; };
		D097E2471C80CC4D004CF25C /* Assets.xcassets in Resources */ = {isa = PBXBuildFile; fileRef = D097E2461C80CC4D004CF25C /* Assets.xcassets */; };
		D097E24A1C80CC4D004CF25C /* LaunchScreen.storyboard in Resources */ = {isa = PBXBuildFile; fileRef = D097E2481C80CC4D004CF25C /* LaunchScreen.storyboard */; };
		D097E2541C80D02D004CF25C /* CurrentWeather.plist in Resources */ = {isa = PBXBuildFile; fileRef = D097E2531C80D02D004CF25C /* CurrentWeather.plist */; };
		D097E2561C80D0C2004CF25C /* CurrentWeather.swift in Sources */ = {isa = PBXBuildFile; fileRef = D097E2551C80D0C2004CF25C /* CurrentWeather.swift */; };
/* End PBXBuildFile section */

/* Begin PBXFileReference section */
		D097E23C1C80CC4D004CF25C /* Stormy.app */ = {isa = PBXFileReference; explicitFileType = wrapper.application; includeInIndex = 0; path = Stormy.app; sourceTree = BUILT_PRODUCTS_DIR; };
		D097E23F1C80CC4D004CF25C /* AppDelegate.swift */ = {isa = PBXFileReference; lastKnownFileType = sourcecode.swift; path = AppDelegate.swift; sourceTree = "<group>"; };
		D097E2411C80CC4D004CF25C /* ViewController.swift */ = {isa = PBXFileReference; lastKnownFileType = sourcecode.swift; path = ViewController.swift; sourceTree = "<group>"; };
		D097E2441C80CC4D004CF25C /* Base */ = {isa = PBXFileReference; lastKnownFileType = file.storyboard; name = Base; path = Base.lproj/Main.storyboard; sourceTree = "<group>"; };
		D097E2461C80CC4D004CF25C /* Assets.xcassets */ = {isa = PBXFileReference; lastKnownFileType = folder.assetcatalog; path = Assets.xcassets; sourceTree = "<group>"; };
		D097E2491C80CC4D004CF25C /* Base */ = {isa = PBXFileReference; lastKnownFileType = file.storyboard; name = Base; path = Base.lproj/LaunchScreen.storyboard; sourceTree = "<group>"; };
		D097E24B1C80CC4D004CF25C /* Info.plist */ = {isa = PBXFileReference; lastKnownFileType = text.plist.xml; path = Info.plist; sourceTree = "<group>"; };
		D097E2531C80D02D004CF25C /* CurrentWeather.plist */ = {isa = PBXFileReference; fileEncoding = 4; lastKnownFileType = text.plist.xml; name = CurrentWeather.plist; path = ../../../../../Downloads/CurrentWeather.plist; sourceTree = "<group>"; };
		D097E2551C80D0C2004CF25C /* CurrentWeather.swift */ = {isa = PBXFileReference; fileEncoding = 4; lastKnownFileType = sourcecode.swift; path = CurrentWeather.swift; sourceTree = "<group>"; };
/* End PBXFileReference section */

/* Begin PBXFrameworksBuildPhase section */
		D097E2391C80CC4D004CF25C /* Frameworks */ = {
			isa = PBXFrameworksBuildPhase;
			buildActionMask = 2147483647;
			files = (
			);
			runOnlyForDeploymentPostprocessing = 0;
		};
/* End PBXFrameworksBuildPhase section */

/* Begin PBXGroup section */
		D097E2331C80CC4D004CF25C = {
			isa = PBXGroup;
			children = (
				D097E23E1C80CC4D004CF25C /* Stormy */,
				D097E23D1C80CC4D004CF25C /* Products */,
			);
			sourceTree = "<group>";
		};
		D097E23D1C80CC4D004CF25C /* Products */ = {
			isa = PBXGroup;
			children = (
				D097E23C1C80CC4D004CF25C /* Stormy.app */,
			);
			name = Products;
			sourceTree = "<group>";
		};
		D097E23E1C80CC4D004CF25C /* Stormy */ = {
			isa = PBXGroup;
			children = (
				D097E2531C80D02D004CF25C /* CurrentWeather.plist */,
				D097E23F1C80CC4D004CF25C /* AppDelegate.swift */,
				D097E2411C80CC4D004CF25C /* ViewController.swift */,
				D097E2431C80CC4D004CF25C /* Main.storyboard */,
				D097E2461C80CC4D004CF25C /* Assets.xcassets */,
				D097E2481C80CC4D004CF25C /* LaunchScreen.storyboard */,
				D097E24B1C80CC4D004CF25C /* Info.plist */,
				D097E2551C80D0C2004CF25C /* CurrentWeather.swift */,
			);
			path = Stormy;
			sourceTree = "<group>";
		};
/* End PBXGroup section */

/* Begin PBXNativeTarget section */
		D097E23B1C80CC4D004CF25C /* Stormy */ = {
			isa = PBXNativeTarget;
			buildConfigurationList = D097E24E1C80CC4D004CF25C /* Build configuration list for PBXNativeTarget "Stormy" */;
			buildPhases = (
				D097E2381C80CC4D004CF25C /* Sources */,
				D097E2391C80CC4D004CF25C /* Frameworks */,
				D097E23A1C80CC4D004CF25C /* Resources */,
			);
			buildRules = (
			);
			dependencies = (
			);
			name = Stormy;
			productName = Stormy;
			productReference = D097E23C1C80CC4D004CF25C /* Stormy.app */;
			productType = "com.apple.product-type.application";
		};
/* End PBXNativeTarget section */

/* Begin PBXProject section */
		D097E2341C80CC4D004CF25C /* Project object */ = {
			isa = PBXProject;
			attributes = {
				LastSwiftUpdateCheck = 0720;
				LastUpgradeCheck = 0720;
				ORGANIZATIONNAME = "Jhonatan Laguna";
				TargetAttributes = {
					D097E23B1C80CC4D004CF25C = {
						CreatedOnToolsVersion = 7.2;
						DevelopmentTeam = 2W4GE6U9VN;
					};
				};
			};
			buildConfigurationList = D097E2371C80CC4D004CF25C /* Build configuration list for PBXProject "Stormy" */;
			compatibilityVersion = "Xcode 3.2";
			developmentRegion = English;
			hasScannedForEncodings = 0;
			knownRegions = (
				en,
				Base,
			);
			mainGroup = D097E2331C80CC4D004CF25C;
			productRefGroup = D097E23D1C80CC4D004CF25C /* Products */;
			projectDirPath = "";
			projectRoot = "";
			targets = (
				D097E23B1C80CC4D004CF25C /* Stormy */,
			);
		};
/* End PBXProject section */

/* Begin PBXResourcesBuildPhase section */
		D097E23A1C80CC4D004CF25C /* Resources */ = {
			isa = PBXResourcesBuildPhase;
			buildActionMask = 2147483647;
			files = (
				D097E24A1C80CC4D004CF25C /* LaunchScreen.storyboard in Resources */,
				D097E2541C80D02D004CF25C /* CurrentWeather.plist in Resources */,
				D097E2471C80CC4D004CF25C /* Assets.xcassets in Resources */,
				D097E2451C80CC4D004CF25C /* Main.storyboard in Resources */,
			);
			runOnlyForDeploymentPostprocessing = 0;
		};
/* End PBXResourcesBuildPhase section */

/* Begin PBXSourcesBuildPhase section */
		D097E2381C80CC4D004CF25C /* Sources */ = {
			isa = PBXSourcesBuildPhase;
			buildActionMask = 2147483647;
			files = (
				D097E2421C80CC4D004CF25C /* ViewController.swift in Sources */,
				D097E2561C80D0C2004CF25C /* CurrentWeather.swift in Sources */,
				D097E2401C80CC4D004CF25C /* AppDelegate.swift in Sources */,
			);
			runOnlyForDeploymentPostprocessing = 0;
		};
/* End PBXSourcesBuildPhase section */

/* Begin PBXVariantGroup section */
		D097E2431C80CC4D004CF25C /* Main.storyboard */ = {
			isa = PBXVariantGroup;
			children = (
				D097E2441C80CC4D004CF25C /* Base */,
			);
			name = Main.storyboard;
			sourceTree = "<group>";
		};
		D097E2481C80CC4D004CF25C /* LaunchScreen.storyboard */ = {
			isa = PBXVariantGroup;
			children = (
				D097E2491C80CC4D004CF25C /* Base */,
			);
			name = LaunchScreen.storyboard;
			sourceTree = "<group>";
		};
/* End PBXVariantGroup section */

/* Begin XCBuildConfiguration section */
		D097E24C1C80CC4D004CF25C /* Debug */ = {
			isa = XCBuildConfiguration;
			buildSettings = {
				ALWAYS_SEARCH_USER_PATHS = NO;
				CLANG_CXX_LANGUAGE_STANDARD = "gnu++0x";
				CLANG_CXX_LIBRARY = "libc++";
				CLANG_ENABLE_MODULES = YES;
				CLANG_ENABLE_OBJC_ARC = YES;
				CLANG_WARN_BOOL_CONVERSION = YES;
				CLANG_WARN_CONSTANT_CONVERSION = YES;
				CLANG_WARN_DIRECT_OBJC_ISA_USAGE = YES_ERROR;
				CLANG_WARN_EMPTY_BODY = YES;
				CLANG_WARN_ENUM_CONVERSION = YES;
				CLANG_WARN_INT_CONVERSION = YES;
				CLANG_WARN_OBJC_ROOT_CLASS = YES_ERROR;
				CLANG_WARN_UNREACHABLE_CODE = YES;
				CLANG_WARN__DUPLICATE_METHOD_MATCH = YES;
				"CODE_SIGN_IDENTITY[sdk=iphoneos*]" = "iPhone Developer";
				COPY_PHASE_STRIP = NO;
				DEBUG_INFORMATION_FORMAT = dwarf;
				ENABLE_STRICT_OBJC_MSGSEND = YES;
				ENABLE_TESTABILITY = YES;
				GCC_C_LANGUAGE_STANDARD = gnu99;
				GCC_DYNAMIC_NO_PIC = NO;
				GCC_NO_COMMON_BLOCKS = YES;
				GCC_OPTIMIZATION_LEVEL = 0;
				GCC_PREPROCESSOR_DEFINITIONS = (
					"DEBUG=1",
					"$(inherited)",
				);
				GCC_WARN_64_TO_32_BIT_CONVERSION = YES;
				GCC_WARN_ABOUT_RETURN_TYPE = YES_ERROR;
				GCC_WARN_UNDECLARED_SELECTOR = YES;
				GCC_WARN_UNINITIALIZED_AUTOS = YES_AGGRESSIVE;
				GCC_WARN_UNUSED_FUNCTION = YES;
				GCC_WARN_UNUSED_VARIABLE = YES;
				IPHONEOS_DEPLOYMENT_TARGET = 9.2;
				MTL_ENABLE_DEBUG_INFO = YES;
				ONLY_ACTIVE_ARCH = YES;
				SDKROOT = iphoneos;
				SWIFT_OPTIMIZATION_LEVEL = "-Onone";
				TARGETED_DEVICE_FAMILY = "1,2";
			};
			name = Debug;
		};
		D097E24D1C80CC4D004CF25C /* Release */ = {
			isa = XCBuildConfiguration;
			buildSettings = {
				ALWAYS_SEARCH_USER_PATHS = NO;
				CLANG_CXX_LANGUAGE_STANDARD = "gnu++0x";
				CLANG_CXX_LIBRARY = "libc++";
				CLANG_ENABLE_MODULES = YES;
				CLANG_ENABLE_OBJC_ARC = YES;
				CLANG_WARN_BOOL_CONVERSION = YES;
				CLANG_WARN_CONSTANT_CONVERSION = YES;
				CLANG_WARN_DIRECT_OBJC_ISA_USAGE = YES_ERROR;
				CLANG_WARN_EMPTY_BODY = YES;
				CLANG_WARN_ENUM_CONVERSION = YES;
				CLANG_WARN_INT_CONVERSION = YES;
				CLANG_WARN_OBJC_ROOT_CLASS = YES_ERROR;
				CLANG_WARN_UNREACHABLE_CODE = YES;
				CLANG_WARN__DUPLICATE_METHOD_MATCH = YES;
				"CODE_SIGN_IDENTITY[sdk=iphoneos*]" = "iPhone Developer";
				COPY_PHASE_STRIP = NO;
				DEBUG_INFORMATION_FORMAT = "dwarf-with-dsym";
				ENABLE_NS_ASSERTIONS = NO;
				ENABLE_STRICT_OBJC_MSGSEND = YES;
				GCC_C_LANGUAGE_STANDARD = gnu99;
				GCC_NO_COMMON_BLOCKS = YES;
				GCC_WARN_64_TO_32_BIT_CONVERSION = YES;
				GCC_WARN_ABOUT_RETURN_TYPE = YES_ERROR;
				GCC_WARN_UNDECLARED_SELECTOR = YES;
				GCC_WARN_UNINITIALIZED_AUTOS = YES_AGGRESSIVE;
				GCC_WARN_UNUSED_FUNCTION = YES;
				GCC_WARN_UNUSED_VARIABLE = YES;
				IPHONEOS_DEPLOYMENT_TARGET = 9.2;
				MTL_ENABLE_DEBUG_INFO = NO;
				SDKROOT = iphoneos;
				TARGETED_DEVICE_FAMILY = "1,2";
				VALIDATE_PRODUCT = YES;
			};
			name = Release;
		};
		D097E24F1C80CC4D004CF25C /* Debug */ = {
			isa = XCBuildConfiguration;
			buildSettings = {
				ASSETCATALOG_COMPILER_APPICON_NAME = AppIcon;
				INFOPLIST_FILE = Stormy/Info.plist;
				LD_RUNPATH_SEARCH_PATHS = "$(inherited) @executable_path/Frameworks";
				PRODUCT_BUNDLE_IDENTIFIER = org.lagunajs.Stormy;
				PRODUCT_NAME = "$(TARGET_NAME)";
			};
			name = Debug;
		};
		D097E2501C80CC4D004CF25C /* Release */ = {
			isa = XCBuildConfiguration;
			buildSettings = {
				ASSETCATALOG_COMPILER_APPICON_NAME = AppIcon;
				INFOPLIST_FILE = Stormy/Info.plist;
				LD_RUNPATH_SEARCH_PATHS = "$(inherited) @executable_path/Frameworks";
				PRODUCT_BUNDLE_IDENTIFIER = org.lagunajs.Stormy;
				PRODUCT_NAME = "$(TARGET_NAME)";
			};
			name = Release;
		};
/* End XCBuildConfiguration section */

/* Begin XCConfigurationList section */
		D097E2371C80CC4D004CF25C /* Build configuration list for PBXProject "Stormy" */ = {
			isa = XCConfigurationList;
			buildConfigurations = (
				D097E24C1C80CC4D004CF25C /* Debug */,
				D097E24D1C80CC4D004CF25C /* Release */,
			);
			defaultConfigurationIsVisible = 0;
			defaultConfigurationName = Release;
		};
		D097E24E1C80CC4D004CF25C /* Build configuration list for PBXNativeTarget "Stormy" */ = {
			isa = XCConfigurationList;
			buildConfigurations = (
				D097E24F1C80CC4D004CF25C /* Debug */,
				D097E2501C80CC4D004CF25C /* Release */,
			);
			defaultConfigurationIsVisible = 0;
			defaultConfigurationName = Release;
		};
/* End XCConfigurationList section */
	};
	rootObject = D097E2341C80CC4D004CF25C /* Project object */;
}
